
Microsoft Visual Studio Solution File, Format Version 12.00
# Visual Studio Version 17
VisualStudioVersion = 17.4.33213.308
MinimumVisualStudioVersion = 10.0.40219.1
Project("{FAE04EC0-301F-11D3-BF4B-00C04F79EFBC}") = "Kidrasov_Glazki-save", "Kidrasov_Glazki-save\Kidrasov_Glazki-save.csproj", "{0AB843A0-5495-421D-9098-0C506D286815}"
EndProject
Global
	GlobalSection(SolutionConfigurationPlatforms) = preSolution
		Debug|Any CPU = Debug|Any CPU
		Release|Any CPU = Release|Any CPU
	EndGlobalSection
	GlobalSection(ProjectConfigurationPlatforms) = postSolution
		{0AB843A0-5495-421D-9098-0C506D286815}.Debug|Any CPU.ActiveCfg = Debug|Any CPU
		{0AB843A0-5495-421D-9098-0C506D286815}.Debug|Any CPU.Build.0 = Debug|Any CPU
		{0AB843A0-5495-421D-9098-0C506D286815}.Release|Any CPU.ActiveCfg = Release|Any CPU
		{0AB843A0-5495-421D-9098-0C506D286815}.Release|Any CPU.Build.0 = Release|Any CPU
	EndGlobalSection
	GlobalSection(SolutionProperties) = preSolution
		HideSolutionNode = FALSE
	EndGlobalSection
	GlobalSection(ExtensibilityGlobals) = postSolution
		SolutionGuid = {0941AA20-7DE9-4591-A533-D79F0216FBDC}
	EndGlobalSection
EndGlobal
